
Microsoft Visual Studio Solution File, Format Version 12.00
# Visual Studio 15
VisualStudioVersion = 15.0.28307.1585
MinimumVisualStudioVersion = 10.0.40219.1
Project("{8BC9CEB8-8B4A-11D0-8D11-00A0C91BC942}") = "task6", "task6\task6.vcxproj", "{84A4CB7D-6F61-4E39-8998-1B4EA498906E}"
EndProject
Global
	GlobalSection(SolutionConfigurationPlatforms) = preSolution
		Debug|x64 = Debug|x64
		Debug|x86 = Debug|x86
		Release|x64 = Release|x64
		Release|x86 = Release|x86
	EndGlobalSection
	GlobalSection(ProjectConfigurationPlatforms) = postSolution
		{84A4CB7D-6F61-4E39-8998-1B4EA498906E}.Debug|x64.ActiveCfg = Debug|x64
		{84A4CB7D-6F61-4E39-8998-1B4EA498906E}.Debug|x64.Build.0 = Debug|x64
		{84A4CB7D-6F61-4E39-8998-1B4EA498906E}.Debug|x86.ActiveCfg = Debug|Win32
		{84A4CB7D-6F61-4E39-8998-1B4EA498906E}.Debug|x86.Build.0 = Debug|Win32
		{84A4CB7D-6F61-4E39-8998-1B4EA498906E}.Release|x64.ActiveCfg = Release|x64
		{84A4CB7D-6F61-4E39-8998-1B4EA498906E}.Release|x64.Build.0 = Release|x64
		{84A4CB7D-6F61-4E39-8998-1B4EA498906E}.Release|x86.ActiveCfg = Release|Win32
		{84A4CB7D-6F61-4E39-8998-1B4EA498906E}.Release|x86.Build.0 = Release|Win32
	EndGlobalSection
	GlobalSection(SolutionProperties) = preSolution
		HideSolutionNode = FALSE
	EndGlobalSection
	GlobalSection(ExtensibilityGlobals) = postSolution
		SolutionGuid = {F53C36AF-8A72-4742-8E23-2D46ABB6C63F}
	EndGlobalSection
EndGlobal
